# THIS IS AN AUTOGENERATED FILE. DO NOT EDIT THIS FILE DIRECTLY.
# yarn lockfile v1


"@algolia/autocomplete-core@1.5.2":
  version "1.5.2"
  resolved "https://registry.yarnpkg.com/@algolia/autocomplete-core/-/autocomplete-core-1.5.2.tgz#ec0178e07b44fd74a057728ac157291b26cecf37"
  integrity sha512-DY0bhyczFSS1b/CqJlTE/nQRtnTAHl6IemIkBy0nEWnhDzRDdtdx4p5Uuk3vwAFxwEEgi1WqKwgSSMx6DpNL4A==
  dependencies:
    "@algolia/autocomplete-shared" "1.5.2"

"@algolia/autocomplete-preset-algolia@1.5.2":
  version "1.5.2"
  resolved "https://registry.yarnpkg.com/@algolia/autocomplete-preset-algolia/-/autocomplete-preset-algolia-1.5.2.tgz#36c5638cc6dba6ea46a86e5a0314637ca40a77ca"
  integrity sha512-3MRYnYQFJyovANzSX2CToS6/5cfVjbLLqFsZTKcvF3abhQzxbqwwaMBlJtt620uBUOeMzhdfasKhCc40+RHiZw==
  dependencies:
    "@algolia/autocomplete-shared" "1.5.2"

"@algolia/autocomplete-shared@1.5.2":
  version "1.5.2"
  resolved "https://registry.yarnpkg.com/@algolia/autocomplete-shared/-/autocomplete-shared-1.5.2.tgz#e157f9ad624ab8fd940ff28bd2094cdf199cdd79"
  integrity sha512-ylQAYv5H0YKMfHgVWX0j0NmL8XBcAeeeVQUmppnnMtzDbDnca6CzhKj3Q8eF9cHCgcdTDdb5K+3aKyGWA0obug==

"@algolia/cache-browser-local-storage@4.13.0":
  version "4.13.0"
  resolved "https://registry.yarnpkg.com/@algolia/cache-browser-local-storage/-/cache-browser-local-storage-4.13.0.tgz#f8aa4fe31104b19d616ea392f9ed5c2ea847d964"
  integrity sha512-nj1vHRZauTqP/bluwkRIgEADEimqojJgoTRCel5f6q8WCa9Y8QeI4bpDQP28FoeKnDRYa3J5CauDlN466jqRhg==
  dependencies:
    "@algolia/cache-common" "4.13.0"

"@algolia/cache-common@4.13.0":
  version "4.13.0"
  resolved "https://registry.yarnpkg.com/@algolia/cache-common/-/cache-common-4.13.0.tgz#27b83fd3939d08d72261b36a07eeafc4cb4d2113"
  integrity sha512-f9mdZjskCui/dA/fA/5a+6hZ7xnHaaZI5tM/Rw9X8rRB39SUlF/+o3P47onZ33n/AwkpSbi5QOyhs16wHd55kA==

"@algolia/cache-in-memory@4.13.0":
  version "4.13.0"
  resolved "https://registry.yarnpkg.com/@algolia/cache-in-memory/-/cache-in-memory-4.13.0.tgz#10801a74550cbabb64b59ff08c56bce9c278ff2d"
  integrity sha512-hHdc+ahPiMM92CQMljmObE75laYzNFYLrNOu0Q3/eyvubZZRtY2SUsEEgyUEyzXruNdzrkcDxFYa7YpWBJYHAg==
  dependencies:
    "@algolia/cache-common" "4.13.0"

"@algolia/client-account@4.13.0":
  version "4.13.0"
  resolved "https://registry.yarnpkg.com/@algolia/client-account/-/client-account-4.13.0.tgz#f8646dd40d1e9e3353e10abbd5d6c293ea92a8e2"
  integrity sha512-FzFqFt9b0g/LKszBDoEsW+dVBuUe1K3scp2Yf7q6pgHWM1WqyqUlARwVpLxqyc+LoyJkTxQftOKjyFUqddnPKA==
  dependencies:
    "@algolia/client-common" "4.13.0"
    "@algolia/client-search" "4.13.0"
    "@algolia/transporter" "4.13.0"

"@algolia/client-analytics@4.13.0":
  version "4.13.0"
  resolved "https://registry.yarnpkg.com/@algolia/client-analytics/-/client-analytics-4.13.0.tgz#a00bd02df45d71becb9dd4c5c993d805f2e1786d"
  integrity sha512-klmnoq2FIiiMHImkzOm+cGxqRLLu9CMHqFhbgSy9wtXZrqb8BBUIUE2VyBe7azzv1wKcxZV2RUyNOMpFqmnRZA==
  dependencies:
    "@algolia/client-common" "4.13.0"
    "@algolia/client-search" "4.13.0"
    "@algolia/requester-common" "4.13.0"
    "@algolia/transporter" "4.13.0"

"@algolia/client-common@4.13.0":
  version "4.13.0"
  resolved "https://registry.yarnpkg.com/@algolia/client-common/-/client-common-4.13.0.tgz#8bc373d164dbdcce38b4586912bbe162492bcb86"
  integrity sha512-GoXfTp0kVcbgfSXOjfrxx+slSipMqGO9WnNWgeMmru5Ra09MDjrcdunsiiuzF0wua6INbIpBQFTC2Mi5lUNqGA==
  dependencies:
    "@algolia/requester-common" "4.13.0"
    "@algolia/transporter" "4.13.0"

"@algolia/client-personalization@4.13.0":
  version "4.13.0"
  resolved "https://registry.yarnpkg.com/@algolia/client-personalization/-/client-personalization-4.13.0.tgz#10fb7af356422551f11a67222b39c52306f1512c"
  integrity sha512-KneLz2WaehJmNfdr5yt2HQETpLaCYagRdWwIwkTqRVFCv4DxRQ2ChPVW9jeTj4YfAAhfzE6F8hn7wkQ/Jfj6ZA==
  dependencies:
    "@algolia/client-common" "4.13.0"
    "@algolia/requester-common" "4.13.0"
    "@algolia/transporter" "4.13.0"

"@algolia/client-search@4.13.0":
  version "4.13.0"
  resolved "https://registry.yarnpkg.com/@algolia/client-search/-/client-search-4.13.0.tgz#2d8ff8e755c4a37ec89968f3f9b358eed005c7f0"
  integrity sha512-blgCKYbZh1NgJWzeGf+caKE32mo3j54NprOf0LZVCubQb3Kx37tk1Hc8SDs9bCAE8hUvf3cazMPIg7wscSxspA==
  dependencies:
    "@algolia/client-common" "4.13.0"
    "@algolia/requester-common" "4.13.0"
    "@algolia/transporter" "4.13.0"

"@algolia/logger-common@4.13.0":
  version "4.13.0"
  resolved "https://registry.yarnpkg.com/@algolia/logger-common/-/logger-common-4.13.0.tgz#be2606e71aae618a1ff1ea9a1b5f5a74284b35a8"
  integrity sha512-8yqXk7rMtmQJ9wZiHOt/6d4/JDEg5VCk83gJ39I+X/pwUPzIsbKy9QiK4uJ3aJELKyoIiDT1hpYVt+5ia+94IA==

"@algolia/logger-console@4.13.0":
  version "4.13.0"
  resolved "https://registry.yarnpkg.com/@algolia/logger-console/-/logger-console-4.13.0.tgz#f28028a760e3d9191e28a10b12925e48f6c9afde"
  integrity sha512-YepRg7w2/87L0vSXRfMND6VJ5d6699sFJBRWzZPOlek2p5fLxxK7O0VncYuc/IbVHEgeApvgXx0WgCEa38GVuQ==
  dependencies:
    "@algolia/logger-common" "4.13.0"

"@algolia/requester-browser-xhr@4.13.0":
  version "4.13.0"
  resolved "https://registry.yarnpkg.com/@algolia/requester-browser-xhr/-/requester-browser-xhr-4.13.0.tgz#e2483f4e8d7f09e27cd0daf6c77711d15c5a919f"
  integrity sha512-Dj+bnoWR5MotrnjblzGKZ2kCdQi2cK/VzPURPnE616NU/il7Ypy6U6DLGZ/ZYz+tnwPa0yypNf21uqt84fOgrg==
  dependencies:
    "@algolia/requester-common" "4.13.0"

"@algolia/requester-common@4.13.0":
  version "4.13.0"
  resolved "https://registry.yarnpkg.com/@algolia/requester-common/-/requester-common-4.13.0.tgz#47fb3464cfb26b55ba43676d13f295d812830596"
  integrity sha512-BRTDj53ecK+gn7ugukDWOOcBRul59C4NblCHqj4Zm5msd5UnHFjd/sGX+RLOEoFMhetILAnmg6wMrRrQVac9vw==

"@algolia/requester-node-http@4.13.0":
  version "4.13.0"
  resolved "https://registry.yarnpkg.com/@algolia/requester-node-http/-/requester-node-http-4.13.0.tgz#7d981bbd31492f51dd11820a665f9d8906793c37"
  integrity sha512-9b+3O4QFU4azLhGMrZAr/uZPydvzOR4aEZfSL8ZrpLZ7fbbqTO0S/5EVko+QIgglRAtVwxvf8UJ1wzTD2jvKxQ==
  dependencies:
    "@algolia/requester-common" "4.13.0"

"@algolia/transporter@4.13.0":
  version "4.13.0"
  resolved "https://registry.yarnpkg.com/@algolia/transporter/-/transporter-4.13.0.tgz#f6379e5329efa2127da68c914d1141f5f21dbd07"
  integrity sha512-8tSQYE+ykQENAdeZdofvtkOr5uJ9VcQSWgRhQ9h01AehtBIPAczk/b2CLrMsw5yQZziLs5cZ3pJ3478yI+urhA==
  dependencies:
    "@algolia/cache-common" "4.13.0"
    "@algolia/logger-common" "4.13.0"
    "@algolia/requester-common" "4.13.0"

"@babel/parser@^7.16.4":
  version "7.17.10"
  resolved "https://registry.yarnpkg.com/@babel/parser/-/parser-7.17.10.tgz#873b16db82a8909e0fbd7f115772f4b739f6ce78"
  integrity sha512-n2Q6i+fnJqzOaq2VkdXxy2TCPCWQZHiCo0XqmrCvDWcZQKRyZzYi4Z0yxlBuN0w+r2ZHmre+Q087DSrw3pbJDQ==

"@docsearch/css@3.0.0", "@docsearch/css@^3.0.0":
  version "3.0.0"
  resolved "https://registry.yarnpkg.com/@docsearch/css/-/css-3.0.0.tgz#fe57b474802ffd706d3246eab25d52fac8aa3698"
  integrity sha512-1kkV7tkAsiuEd0shunYRByKJe3xQDG2q7wYg24SOw1nV9/2lwEd4WrUYRJC/ukGTl2/kHeFxsaUvtiOy0y6fFA==

"@docsearch/js@^3.0.0":
  version "3.0.0"
  resolved "https://registry.yarnpkg.com/@docsearch/js/-/js-3.0.0.tgz#394a99f68895503d57faf523ecec0b25b02f638c"
  integrity sha512-j3tUJWlgW3slYqzGB8fm7y05kh2qqrIK1dZOXHeMUm/5gdKE85fiz/ltfCPMDFb/MXF+bLZChJXSMzqY0Ck30Q==
  dependencies:
    "@docsearch/react" "3.0.0"
    preact "^10.0.0"

"@docsearch/react@3.0.0":
  version "3.0.0"
  resolved "https://registry.yarnpkg.com/@docsearch/react/-/react-3.0.0.tgz#d02ebdc67573412185a6a4df13bc254c7c0da491"
  integrity sha512-yhMacqS6TVQYoBh/o603zszIb5Bl8MIXuOc6Vy617I74pirisDzzcNh0NEaYQt50fVVR3khUbeEhUEWEWipESg==
  dependencies:
    "@algolia/autocomplete-core" "1.5.2"
    "@algolia/autocomplete-preset-algolia" "1.5.2"
    "@docsearch/css" "3.0.0"
    algoliasearch "^4.0.0"

"@vitejs/plugin-vue@^2.3.2":
  version "2.3.3"
  resolved "https://registry.yarnpkg.com/@vitejs/plugin-vue/-/plugin-vue-2.3.3.tgz#fbf80cc039b82ac21a1acb0f0478de8f61fbf600"
  integrity sha512-SmQLDyhz+6lGJhPELsBdzXGc+AcaT8stgkbiTFGpXPe8Tl1tJaBw1A6pxDqDuRsVkD8uscrkx3hA7QDOoKYtyw==

"@vue/compiler-core@3.2.33":
  version "3.2.33"
  resolved "https://registry.yarnpkg.com/@vue/compiler-core/-/compiler-core-3.2.33.tgz#e915d59cce85898f5c5cfebe4c09e539278c3d59"
  integrity sha512-AAmr52ji3Zhk7IKIuigX2osWWsb2nQE5xsdFYjdnmtQ4gymmqXbjLvkSE174+fF3A3kstYrTgGkqgOEbsdLDpw==
  dependencies:
    "@babel/parser" "^7.16.4"
    "@vue/shared" "3.2.33"
    estree-walker "^2.0.2"
    source-map "^0.6.1"

"@vue/compiler-dom@3.2.33":
  version "3.2.33"
  resolved "https://registry.yarnpkg.com/@vue/compiler-dom/-/compiler-dom-3.2.33.tgz#6db84296f949f18e5d3e7fd5e80f943dbed7d5ec"
  integrity sha512-GhiG1C8X98Xz9QUX/RlA6/kgPBWJkjq0Rq6//5XTAGSYrTMBgcLpP9+CnlUg1TFxnnCVughAG+KZl28XJqw8uQ==
  dependencies:
    "@vue/compiler-core" "3.2.33"
    "@vue/shared" "3.2.33"

"@vue/compiler-sfc@3.2.33":
  version "3.2.33"
  resolved "https://registry.yarnpkg.com/@vue/compiler-sfc/-/compiler-sfc-3.2.33.tgz#7ce01dc947a8b76c099811dc6ca58494d4dc773d"
  integrity sha512-H8D0WqagCr295pQjUYyO8P3IejM3vEzeCO1apzByAEaAR/WimhMYczHfZVvlCE/9yBaEu/eu9RdiWr0kF8b71Q==
  dependencies:
    "@babel/parser" "^7.16.4"
    "@vue/compiler-core" "3.2.33"
    "@vue/compiler-dom" "3.2.33"
    "@vue/compiler-ssr" "3.2.33"
    "@vue/reactivity-transform" "3.2.33"
    "@vue/shared" "3.2.33"
    estree-walker "^2.0.2"
    magic-string "^0.25.7"
    postcss "^8.1.10"
    source-map "^0.6.1"

"@vue/compiler-ssr@3.2.33":
  version "3.2.33"
  resolved "https://registry.yarnpkg.com/@vue/compiler-ssr/-/compiler-ssr-3.2.33.tgz#3e820267e4eea48fde9519f006dedca3f5e42e71"
  integrity sha512-XQh1Xdk3VquDpXsnoCd7JnMoWec9CfAzQDQsaMcSU79OrrO2PNR0ErlIjm/mGq3GmBfkQjzZACV+7GhfRB8xMQ==
  dependencies:
    "@vue/compiler-dom" "3.2.33"
    "@vue/shared" "3.2.33"

"@vue/reactivity-transform@3.2.33":
  version "3.2.33"
  resolved "https://registry.yarnpkg.com/@vue/reactivity-transform/-/reactivity-transform-3.2.33.tgz#286063f44ca56150ae9b52f8346a26e5913fa699"
  integrity sha512-4UL5KOIvSQb254aqenW4q34qMXbfZcmEsV/yVidLUgvwYQQ/D21bGX3DlgPUGI3c4C+iOnNmDCkIxkILoX/Pyw==
  dependencies:
    "@babel/parser" "^7.16.4"
    "@vue/compiler-core" "3.2.33"
    "@vue/shared" "3.2.33"
    estree-walker "^2.0.2"
    magic-string "^0.25.7"

"@vue/reactivity@3.2.33":
  version "3.2.33"
  resolved "https://registry.yarnpkg.com/@vue/reactivity/-/reactivity-3.2.33.tgz#c84eedb5225138dbfc2472864c151d3efbb4b673"
  integrity sha512-62Sq0mp9/0bLmDuxuLD5CIaMG2susFAGARLuZ/5jkU1FCf9EDbwUuF+BO8Ub3Rbodx0ziIecM/NsmyjardBxfQ==
  dependencies:
    "@vue/shared" "3.2.33"

"@vue/runtime-core@3.2.33":
  version "3.2.33"
  resolved "https://registry.yarnpkg.com/@vue/runtime-core/-/runtime-core-3.2.33.tgz#2df8907c85c37c3419fbd1bdf1a2df097fa40df2"
  integrity sha512-N2D2vfaXsBPhzCV3JsXQa2NECjxP3eXgZlFqKh4tgakp3iX6LCGv76DLlc+IfFZq+TW10Y8QUfeihXOupJ1dGw==
  dependencies:
    "@vue/reactivity" "3.2.33"
    "@vue/shared" "3.2.33"

"@vue/runtime-dom@3.2.33":
  version "3.2.33"
  resolved "https://registry.yarnpkg.com/@vue/runtime-dom/-/runtime-dom-3.2.33.tgz#123b8969247029ea0d9c1983676d4706a962d848"
  integrity sha512-LSrJ6W7CZTSUygX5s8aFkraDWlO6K4geOwA3quFF2O+hC3QuAMZt/0Xb7JKE3C4JD4pFwCSO7oCrZmZ0BIJUnw==
  dependencies:
    "@vue/runtime-core" "3.2.33"
    "@vue/shared" "3.2.33"
    csstype "^2.6.8"

"@vue/server-renderer@3.2.33":
  version "3.2.33"
  resolved "https://registry.yarnpkg.com/@vue/server-renderer/-/server-renderer-3.2.33.tgz#4b45d6d2ae10ea4e3d2cf8e676804cf60f331979"
  integrity sha512-4jpJHRD4ORv8PlbYi+/MfP8ec1okz6rybe36MdpkDrGIdEItHEUyaHSKvz+ptNEyQpALmmVfRteHkU9F8vxOew==
  dependencies:
    "@vue/compiler-ssr" "3.2.33"
    "@vue/shared" "3.2.33"

"@vue/shared@3.2.33":
  version "3.2.33"
  resolved "https://registry.yarnpkg.com/@vue/shared/-/shared-3.2.33.tgz#69a8c99ceb37c1b031d5cc4aec2ff1dc77e1161e"
  integrity sha512-UBc1Pg1T3yZ97vsA2ueER0F6GbJebLHYlEi4ou1H5YL4KWvMOOWwpYo9/QpWq93wxKG6Wo13IY74Hcn/f7c7Bg==

algoliasearch@^4.0.0:
  version "4.13.0"
  resolved "https://registry.yarnpkg.com/algoliasearch/-/algoliasearch-4.13.0.tgz#e36611fda82b1fc548c156ae7929a7f486e4b663"
  integrity sha512-oHv4faI1Vl2s+YC0YquwkK/TsaJs79g2JFg5FDm2rKN12VItPTAeQ7hyJMHarOPPYuCnNC5kixbtcqvb21wchw==
  dependencies:
    "@algolia/cache-browser-local-storage" "4.13.0"
    "@algolia/cache-common" "4.13.0"
    "@algolia/cache-in-memory" "4.13.0"
    "@algolia/client-account" "4.13.0"
    "@algolia/client-analytics" "4.13.0"
    "@algolia/client-common" "4.13.0"
    "@algolia/client-personalization" "4.13.0"
    "@algolia/client-search" "4.13.0"
    "@algolia/logger-common" "4.13.0"
    "@algolia/logger-console" "4.13.0"
    "@algolia/requester-browser-xhr" "4.13.0"
    "@algolia/requester-common" "4.13.0"
    "@algolia/requester-node-http" "4.13.0"
    "@algolia/transporter" "4.13.0"

colorette@2.0.19:
  version "2.0.19"
  resolved "https://registry.yarnpkg.com/colorette/-/colorette-2.0.19.tgz#cdf044f47ad41a0f4b56b3a0d5b4e6e1a2d5a798"
  integrity sha512-3tlv/dIP7FWvj3BsbHrGLJ6l/oKh1O3TcgBqMn+yyCagOxc23fyzDS6HypQbgxWbkpDnf52p1LuR4eWDQ/K9WQ==

commander@^9.1.0:
  version "9.2.0"
  resolved "https://registry.yarnpkg.com/commander/-/commander-9.2.0.tgz#6e21014b2ed90d8b7c9647230d8b7a94a4a419a9"
  integrity sha512-e2i4wANQiSXgnrBlIatyHtP1odfUp0BbV5Y5nEGbxtIrStkEOAAzCUirvLBNXHLr7kwLvJl6V+4V3XV9x7Wd9w==

csstype@^2.6.8:
  version "2.6.20"
  resolved "https://registry.yarnpkg.com/csstype/-/csstype-2.6.20.tgz#9229c65ea0b260cf4d3d997cb06288e36a8d6dda"
  integrity sha512-/WwNkdXfckNgw6S5R125rrW8ez139lBHWouiBvX8dfMFtcn6V81REDqnH7+CRpRipfYlyU1CmOnOxrmGcFOjeA==

debug@4.3.4:
  version "4.3.4"
  resolved "https://registry.yarnpkg.com/debug/-/debug-4.3.4.tgz#1319f6579357f2338d3337d2cdd4914bb5dcc865"
  integrity sha512-PRWFHuSU3eDtQJPvnNY7Jcket1j0t5OuOsFzPPzsekD52Zl8qUfFIPEiswXqIvHWGVHOgX+7G/vCNNhehwxfkQ==
  dependencies:
    ms "2.1.2"

esbuild-android-64@0.14.39:
  version "0.14.39"
  resolved "https://registry.yarnpkg.com/esbuild-android-64/-/esbuild-android-64-0.14.39.tgz#09f12a372eed9743fd77ff6d889ac14f7b340c21"
  integrity sha512-EJOu04p9WgZk0UoKTqLId9VnIsotmI/Z98EXrKURGb3LPNunkeffqQIkjS2cAvidh+OK5uVrXaIP229zK6GvhQ==

esbuild-android-arm64@0.14.39:
  version "0.14.39"
  resolved "https://registry.yarnpkg.com/esbuild-android-arm64/-/esbuild-android-arm64-0.14.39.tgz#f608d00ea03fe26f3b1ab92a30f99220390f3071"
  integrity sha512-+twajJqO7n3MrCz9e+2lVOnFplRsaGRwsq1KL/uOy7xK7QdRSprRQcObGDeDZUZsacD5gUkk6OiHiYp6RzU3CA==

esbuild-darwin-64@0.14.39:
  version "0.14.39"
  resolved "https://registry.yarnpkg.com/esbuild-darwin-64/-/esbuild-darwin-64-0.14.39.tgz#31528daa75b4c9317721ede344195163fae3e041"
  integrity sha512-ImT6eUw3kcGcHoUxEcdBpi6LfTRWaV6+qf32iYYAfwOeV+XaQ/Xp5XQIBiijLeo+LpGci9M0FVec09nUw41a5g==

esbuild-darwin-arm64@0.14.39:
  version "0.14.39"
  resolved "https://registry.yarnpkg.com/esbuild-darwin-arm64/-/esbuild-darwin-arm64-0.14.39.tgz#247f770d86d90a215fa194f24f90e30a0bd97245"
  integrity sha512-/fcQ5UhE05OiT+bW5v7/up1bDsnvaRZPJxXwzXsMRrr7rZqPa85vayrD723oWMT64dhrgWeA3FIneF8yER0XTw==

esbuild-freebsd-64@0.14.39:
  version "0.14.39"
  resolved "https://registry.yarnpkg.com/esbuild-freebsd-64/-/esbuild-freebsd-64-0.14.39.tgz#479414d294905055eb396ebe455ed42213284ee0"
  integrity sha512-oMNH8lJI4wtgN5oxuFP7BQ22vgB/e3Tl5Woehcd6i2r6F3TszpCnNl8wo2d/KvyQ4zvLvCWAlRciumhQg88+kQ==

esbuild-freebsd-arm64@0.14.39:
  version "0.14.39"
  resolved "https://registry.yarnpkg.com/esbuild-freebsd-arm64/-/esbuild-freebsd-arm64-0.14.39.tgz#cedeb10357c88533615921ae767a67dc870a474c"
  integrity sha512-1GHK7kwk57ukY2yI4ILWKJXaxfr+8HcM/r/JKCGCPziIVlL+Wi7RbJ2OzMcTKZ1HpvEqCTBT/J6cO4ZEwW4Ypg==

esbuild-linux-32@0.14.39:
  version "0.14.39"
  resolved "https://registry.yarnpkg.com/esbuild-linux-32/-/esbuild-linux-32-0.14.39.tgz#d9f008c4322d771f3958f59c1eee5a05cdf92485"
  integrity sha512-g97Sbb6g4zfRLIxHgW2pc393DjnkTRMeq3N1rmjDUABxpx8SjocK4jLen+/mq55G46eE2TA0MkJ4R3SpKMu7dg==

esbuild-linux-64@0.14.39:
  version "0.14.39"
  resolved "https://registry.yarnpkg.com/esbuild-linux-64/-/esbuild-linux-64-0.14.39.tgz#ba58d7f66858913aeb1ab5c6bde1bbd824731795"
  integrity sha512-4tcgFDYWdI+UbNMGlua9u1Zhu0N5R6u9tl5WOM8aVnNX143JZoBZLpCuUr5lCKhnD0SCO+5gUyMfupGrHtfggQ==

esbuild-linux-arm64@0.14.39:
  version "0.14.39"
  resolved "https://registry.yarnpkg.com/esbuild-linux-arm64/-/esbuild-linux-arm64-0.14.39.tgz#708785a30072702b5b1c16b65cf9c25c51202529"
  integrity sha512-23pc8MlD2D6Px1mV8GMglZlKgwgNKAO8gsgsLLcXWSs9lQsCYkIlMo/2Ycfo5JrDIbLdwgP8D2vpfH2KcBqrDQ==

esbuild-linux-arm@0.14.39:
  version "0.14.39"
  resolved "https://registry.yarnpkg.com/esbuild-linux-arm/-/esbuild-linux-arm-0.14.39.tgz#4e8b5deaa7ab60d0d28fab131244ef82b40684f4"
  integrity sha512-t0Hn1kWVx5UpCzAJkKRfHeYOLyFnXwYynIkK54/h3tbMweGI7dj400D1k0Vvtj2u1P+JTRT9tx3AjtLEMmfVBQ==

esbuild-linux-mips64le@0.14.39:
  version "0.14.39"
  resolved "https://registry.yarnpkg.com/esbuild-linux-mips64le/-/esbuild-linux-mips64le-0.14.39.tgz#6f3bf3023f711084e5a1e8190487d2020f39f0f7"
  integrity sha512-epwlYgVdbmkuRr5n4es3B+yDI0I2e/nxhKejT9H0OLxFAlMkeQZxSpxATpDc9m8NqRci6Kwyb/SfmD1koG2Zuw==

esbuild-linux-ppc64le@0.14.39:
  version "0.14.39"
  resolved "https://registry.yarnpkg.com/esbuild-linux-ppc64le/-/esbuild-linux-ppc64le-0.14.39.tgz#900e718a4ea3f6aedde8424828eeefdd4b48d4b9"
  integrity sha512-W/5ezaq+rQiQBThIjLMNjsuhPHg+ApVAdTz2LvcuesZFMsJoQAW2hutoyg47XxpWi7aEjJGrkS26qCJKhRn3QQ==

esbuild-linux-riscv64@0.14.39:
  version "0.14.39"
  resolved "https://registry.yarnpkg.com/esbuild-linux-riscv64/-/esbuild-linux-riscv64-0.14.39.tgz#dcbff622fa37047a75d2ff7a1d8d2949d80277e4"
  integrity sha512-IS48xeokcCTKeQIOke2O0t9t14HPvwnZcy+5baG13Z1wxs9ZrC5ig5ypEQQh4QMKxURD5TpCLHw2W42CLuVZaA==

esbuild-linux-s390x@0.14.39:
  version "0.14.39"
  resolved "https://registry.yarnpkg.com/esbuild-linux-s390x/-/esbuild-linux-s390x-0.14.39.tgz#3f725a7945b419406c99d93744b28552561dcdfd"
  integrity sha512-zEfunpqR8sMomqXhNTFEKDs+ik7HC01m3M60MsEjZOqaywHu5e5682fMsqOlZbesEAAaO9aAtRBsU7CHnSZWyA==

esbuild-netbsd-64@0.14.39:
  version "0.14.39"
  resolved "https://registry.yarnpkg.com/esbuild-netbsd-64/-/esbuild-netbsd-64-0.14.39.tgz#e10e40b6a765798b90d4eb85901cc85c8b7ff85e"
  integrity sha512-Uo2suJBSIlrZCe4E0k75VDIFJWfZy+bOV6ih3T4MVMRJh1lHJ2UyGoaX4bOxomYN3t+IakHPyEoln1+qJ1qYaA==

esbuild-openbsd-64@0.14.39:
  version "0.14.39"
  resolved "https://registry.yarnpkg.com/esbuild-openbsd-64/-/esbuild-openbsd-64-0.14.39.tgz#935ec143f75ce10bd9cdb1c87fee00287eb0edbc"
  integrity sha512-secQU+EpgUPpYjJe3OecoeGKVvRMLeKUxSMGHnK+aK5uQM3n1FPXNJzyz1LHFOo0WOyw+uoCxBYdM4O10oaCAA==

esbuild-sunos-64@0.14.39:
  version "0.14.39"
  resolved "https://registry.yarnpkg.com/esbuild-sunos-64/-/esbuild-sunos-64-0.14.39.tgz#0e7aa82b022a2e6d55b0646738b2582c2d72c3c0"
  integrity sha512-qHq0t5gePEDm2nqZLb+35p/qkaXVS7oIe32R0ECh2HOdiXXkj/1uQI9IRogGqKkK+QjDG+DhwiUw7QoHur/Rwg==

esbuild-windows-32@0.14.39:
  version "0.14.39"
  resolved "https://registry.yarnpkg.com/esbuild-windows-32/-/esbuild-windows-32-0.14.39.tgz#3f1538241f31b538545f4b5841b248cac260fa35"
  integrity sha512-XPjwp2OgtEX0JnOlTgT6E5txbRp6Uw54Isorm3CwOtloJazeIWXuiwK0ONJBVb/CGbiCpS7iP2UahGgd2p1x+Q==

esbuild-windows-64@0.14.39:
  version "0.14.39"
  resolved "https://registry.yarnpkg.com/esbuild-windows-64/-/esbuild-windows-64-0.14.39.tgz#b100c59f96d3c2da2e796e42fee4900d755d3e03"
  integrity sha512-E2wm+5FwCcLpKsBHRw28bSYQw0Ikxb7zIMxw3OPAkiaQhLVr3dnVO8DofmbWhhf6b97bWzg37iSZ45ZDpLw7Ow==

esbuild-windows-arm64@0.14.39:
  version "0.14.39"
  resolved "https://registry.yarnpkg.com/esbuild-windows-arm64/-/esbuild-windows-arm64-0.14.39.tgz#00268517e665b33c89778d61f144e4256b39f631"
  integrity sha512-sBZQz5D+Gd0EQ09tZRnz/PpVdLwvp/ufMtJ1iDFYddDaPpZXKqPyaxfYBLs3ueiaksQ26GGa7sci0OqFzNs7KA==

esbuild@^0.14.27:
  version "0.14.39"
  resolved "https://registry.yarnpkg.com/esbuild/-/esbuild-0.14.39.tgz#c926b2259fe6f6d3a94f528fb42e103c5a6d909a"
  integrity sha512-2kKujuzvRWYtwvNjYDY444LQIA3TyJhJIX3Yo4+qkFlDDtGlSicWgeHVJqMUP/2sSfH10PGwfsj+O2ro1m10xQ==
  optionalDependencies:
    esbuild-android-64 "0.14.39"
    esbuild-android-arm64 "0.14.39"
    esbuild-darwin-64 "0.14.39"
    esbuild-darwin-arm64 "0.14.39"
    esbuild-freebsd-64 "0.14.39"
    esbuild-freebsd-arm64 "0.14.39"
    esbuild-linux-32 "0.14.39"
    esbuild-linux-64 "0.14.39"
    esbuild-linux-arm "0.14.39"
    esbuild-linux-arm64 "0.14.39"
    esbuild-linux-mips64le "0.14.39"
    esbuild-linux-ppc64le "0.14.39"
    esbuild-linux-riscv64 "0.14.39"
    esbuild-linux-s390x "0.14.39"
    esbuild-netbsd-64 "0.14.39"
    esbuild-openbsd-64 "0.14.39"
    esbuild-sunos-64 "0.14.39"
    esbuild-windows-32 "0.14.39"
    esbuild-windows-64 "0.14.39"
    esbuild-windows-arm64 "0.14.39"

escalade@^3.1.1:
  version "3.1.1"
  resolved "https://registry.yarnpkg.com/escalade/-/escalade-3.1.1.tgz#d8cfdc7000965c5a0174b4a82eaa5c0552742e40"
  integrity sha512-k0er2gUkLf8O0zKJiAhmkTnJlTvINGv7ygDNPbeIsX/TJjGJZHuh9B2UxbsaEkmlEo9MfhrSzmhIlhRlI2GXnw==

esm@^3.2.25:
  version "3.2.25"
  resolved "https://registry.yarnpkg.com/esm/-/esm-3.2.25.tgz#342c18c29d56157688ba5ce31f8431fbb795cc10"
  integrity sha512-U1suiZ2oDVWv4zPO56S0NcR5QriEahGtdN2OR6FiOG4WJvcjBVFB0qI4+eKoWFH483PKGuLuu6V8Z4T5g63UVA==

estree-walker@^2.0.2:
  version "2.0.2"
  resolved "https://registry.yarnpkg.com/estree-walker/-/estree-walker-2.0.2.tgz#52f010178c2a4c117a7757cfe942adb7d2da4cac"
  integrity sha512-Rfkk/Mp/DL7JVje3u18FxFujQlTNR2q6QfMSMB7AvCBx91NGj/ba3kCfza0f6dVDbw7YlRf/nDrn7pQrCCyQ/w==

fsevents@~2.3.2:
  version "2.3.2"
  resolved "https://registry.yarnpkg.com/fsevents/-/fsevents-2.3.2.tgz#8a526f78b8fdf4623b709e0b975c52c24c02fd1a"
  integrity sha512-xiqMQR4xAeHTuB9uWm+fFRcIOgKBMiOBP+eXiyT7jsgVCq1bkVygt00oASowB7EdtpOHaaPgKt812P9ab+DDKA==

function-bind@^1.1.1:
  version "1.1.1"
  resolved "https://registry.yarnpkg.com/function-bind/-/function-bind-1.1.1.tgz#a56899d3ea3c9bab874bb9773b7c5ede92f4895d"
  integrity sha512-yIovAzMX49sF8Yl58fSCWJ5svSLuaibPxXQJFLmBObTuCr0Mf1KiPopGM9NiFjiYBCbfaa2Fh6breQ6ANVTI0A==

get-package-type@^0.1.0:
  version "0.1.0"
  resolved "https://registry.yarnpkg.com/get-package-type/-/get-package-type-0.1.0.tgz#8de2d803cff44df3bc6c456e6668b36c3926e11a"
  integrity sha512-pjzuKtY64GYfWizNAJ0fr9VqttZkNiK2iS430LtIHzjBEr6bX8Am2zm4sW4Ro5wjWW5cAlRL1qAMTcXbjNAO2Q==

getopts@2.3.0:
  version "2.3.0"
  resolved "https://registry.yarnpkg.com/getopts/-/getopts-2.3.0.tgz#71e5593284807e03e2427449d4f6712a268666f4"
  integrity sha512-5eDf9fuSXwxBL6q5HX+dhDj+dslFGWzU5thZ9kNKUkcPtaPdatmUFKwHFrLb/uf/WpA4BHET+AX3Scl56cAjpA==

has@^1.0.3:
  version "1.0.3"
  resolved "https://registry.yarnpkg.com/has/-/has-1.0.3.tgz#722d7cbfc1f6aa8241f16dd814e011e1f41e8796"
  integrity sha512-f2dvO0VU6Oej7RkWJGrehjbzMAjFp5/VKPp5tTpWIV4JHHZK1/BxbFRtf/siA2SWTe09caDmVtYYzWEIbBS4zw==
  dependencies:
    function-bind "^1.1.1"

interpret@^2.2.0:
  version "2.2.0"
  resolved "https://registry.yarnpkg.com/interpret/-/interpret-2.2.0.tgz#1a78a0b5965c40a5416d007ad6f50ad27c417df9"
  integrity sha512-Ju0Bz/cEia55xDwUWEa8+olFpCiQoypjnQySseKtmjNrnps3P+xfpUmGr90T7yjlVJmOtybRvPXhKMbHr+fWnw==

is-core-module@^2.8.1:
  version "2.9.0"
  resolved "https://registry.yarnpkg.com/is-core-module/-/is-core-module-2.9.0.tgz#e1c34429cd51c6dd9e09e0799e396e27b19a9c69"
  integrity sha512-+5FPy5PnwmO3lvfMb0AsoPaBG+5KHUI0wYFXOtYPnVVVspTFUuMZNfNaNVRt3FZadstu2c8x23vykRW/NBoU6A==
  dependencies:
    has "^1.0.3"

knex@^2.4.0:
  version "2.4.0"
  resolved "https://registry.yarnpkg.com/knex/-/knex-2.4.0.tgz#7d33cc36f320cdac98741010544b4c6a98b8b19e"
  integrity sha512-i0GWwqYp1Hs2yvc2rlDO6nzzkLhwdyOZKRdsMTB8ZxOs2IXQyL5rBjSbS1krowCh6V65T4X9CJaKtuIfkaPGSA==
  dependencies:
    colorette "2.0.19"
    commander "^9.1.0"
    debug "4.3.4"
    escalade "^3.1.1"
    esm "^3.2.25"
    get-package-type "^0.1.0"
    getopts "2.3.0"
    interpret "^2.2.0"
    lodash "^4.17.21"
    pg-connection-string "2.5.0"
    rechoir "^0.8.0"
    resolve-from "^5.0.0"
    tarn "^3.0.2"
    tildify "2.0.0"

lodash@^4.17.21:
  version "4.17.21"
  resolved "https://registry.yarnpkg.com/lodash/-/lodash-4.17.21.tgz#679591c564c3bffaae8454cf0b3df370c3d6911c"
  integrity sha512-v2kDEe57lecTulaDIuNTPy3Ry4gLGJ6Z1O3vE1krgXZNrsQ+LFTGHVxVjcXPs17LhbZVGedAJv8XZ1tvj5FvSg==

magic-string@^0.25.7:
  version "0.25.9"
  resolved "https://registry.yarnpkg.com/magic-string/-/magic-string-0.25.9.tgz#de7f9faf91ef8a1c91d02c2e5314c8277dbcdd1c"
  integrity sha512-RmF0AsMzgt25qzqqLc1+MbHmhdx0ojF2Fvs4XnOqz2ZOBXzzkEwc/dJQZCYHAn7v1jbVOjAZfK8msRn4BxO4VQ==
  dependencies:
    sourcemap-codec "^1.4.8"

ms@2.1.2:
  version "2.1.2"
  resolved "https://registry.yarnpkg.com/ms/-/ms-2.1.2.tgz#d09d1f357b443f493382a8eb3ccd183872ae6009"
  integrity sha512-sGkPx+VjMtmA6MX27oA4FBFELFCZZ4S4XqeGOXCv68tT+jb3vk/RyaKWP0PTKyWtmLSM0b+adUTEvbs1PEaH2w==

nanoid@^3.3.3:
  version "3.3.4"
  resolved "https://registry.yarnpkg.com/nanoid/-/nanoid-3.3.4.tgz#730b67e3cd09e2deacf03c027c81c9d9dbc5e8ab"
  integrity sha512-MqBkQh/OHTS2egovRtLk45wEyNXwF+cokD+1YPf9u5VfJiRdAiRwB2froX5Co9Rh20xs4siNPm8naNotSD6RBw==

path-parse@^1.0.7:
  version "1.0.7"
  resolved "https://registry.yarnpkg.com/path-parse/-/path-parse-1.0.7.tgz#fbc114b60ca42b30d9daf5858e4bd68bbedb6735"
  integrity sha512-LDJzPVEEEPR+y48z93A0Ed0yXb8pAByGWo/k5YYdYgpY2/2EsOsksJrq7lOHxryrVOn1ejG6oAp8ahvOIQD8sw==

pg-connection-string@2.5.0:
  version "2.5.0"
  resolved "https://registry.yarnpkg.com/pg-connection-string/-/pg-connection-string-2.5.0.tgz#538cadd0f7e603fc09a12590f3b8a452c2c0cf34"
  integrity sha512-r5o/V/ORTA6TmUnyWZR9nCj1klXCO2CEKNRlVuJptZe85QuhFayC7WeMic7ndayT5IRIR0S0xFxFi2ousartlQ==

picocolors@^1.0.0:
  version "1.0.0"
  resolved "https://registry.yarnpkg.com/picocolors/-/picocolors-1.0.0.tgz#cb5bdc74ff3f51892236eaf79d68bc44564ab81c"
  integrity sha512-1fygroTLlHu66zi26VoTDv8yRgm0Fccecssto+MhsZ0D/DGW2sm8E8AjW7NU5VVTRt5GxbeZ5qBuJr+HyLYkjQ==

postcss@^8.1.10, postcss@^8.4.13:
  version "8.4.13"
  resolved "https://registry.yarnpkg.com/postcss/-/postcss-8.4.13.tgz#7c87bc268e79f7f86524235821dfdf9f73e5d575"
  integrity sha512-jtL6eTBrza5MPzy8oJLFuUscHDXTV5KcLlqAWHl5q5WYRfnNRGSmOZmOZ1T6Gy7A99mOZfqungmZMpMmCVJ8ZA==
  dependencies:
    nanoid "^3.3.3"
    picocolors "^1.0.0"
    source-map-js "^1.0.2"

preact@^10.0.0:
  version "10.7.2"
  resolved "https://registry.yarnpkg.com/preact/-/preact-10.7.2.tgz#5c632ba194b87345dcaee6598b3b6529b58e6a12"
  integrity sha512-GLjn0I3r6ka+NvxJUppsVFqb4V0qDTEHT/QxHlidPuClGaxF/4AI2Qti4a0cv3XMh5n1+D3hLScW10LRIm5msQ==

prismjs@^1.25.0:
  version "1.28.0"
  resolved "https://registry.yarnpkg.com/prismjs/-/prismjs-1.28.0.tgz#0d8f561fa0f7cf6ebca901747828b149147044b6"
  integrity sha512-8aaXdYvl1F7iC7Xm1spqSaY/OJBpYW3v+KJ+F17iYxvdc8sfjW194COK5wVhMZX45tGteiBQgdvD/nhxcRwylw==

rechoir@^0.8.0:
  version "0.8.0"
  resolved "https://registry.yarnpkg.com/rechoir/-/rechoir-0.8.0.tgz#49f866e0d32146142da3ad8f0eff352b3215ff22"
  integrity sha512-/vxpCXddiX8NGfGO/mTafwjq4aFa/71pvamip0++IQk3zG8cbCj0fifNPrjjF1XMXUne91jL9OoxmdykoEtifQ==
  dependencies:
    resolve "^1.20.0"

resolve-from@^5.0.0:
  version "5.0.0"
  resolved "https://registry.yarnpkg.com/resolve-from/-/resolve-from-5.0.0.tgz#c35225843df8f776df21c57557bc087e9dfdfc69"
  integrity sha512-qYg9KP24dD5qka9J47d0aVky0N+b4fTU89LN9iDnjB5waksiC49rvMB0PrUJQGoTmH50XPiqOvAjDfaijGxYZw==

resolve@^1.20.0, resolve@^1.22.0:
  version "1.22.0"
  resolved "https://registry.yarnpkg.com/resolve/-/resolve-1.22.0.tgz#5e0b8c67c15df57a89bdbabe603a002f21731198"
  integrity sha512-Hhtrw0nLeSrFQ7phPp4OOcVjLPIeMnRlr5mcnVuMe7M/7eBn98A3hmFRLoFo3DLZkivSYwhRUJTyPyWAk56WLw==
  dependencies:
    is-core-module "^2.8.1"
    path-parse "^1.0.7"
    supports-preserve-symlinks-flag "^1.0.0"

rollup@^2.59.0:
  version "2.73.0"
  resolved "https://registry.yarnpkg.com/rollup/-/rollup-2.73.0.tgz#128fef4b333fd92d02d6929afbb6ee38d7feb32d"
  integrity sha512-h/UngC3S4Zt28mB3g0+2YCMegT5yoftnQplwzPqGZcKvlld5e+kT/QRmJiL+qxGyZKOYpgirWGdLyEO1b0dpLQ==
  optionalDependencies:
    fsevents "~2.3.2"

source-map-js@^1.0.2:
  version "1.0.2"
  resolved "https://registry.yarnpkg.com/source-map-js/-/source-map-js-1.0.2.tgz#adbc361d9c62df380125e7f161f71c826f1e490c"
  integrity sha512-R0XvVJ9WusLiqTCEiGCmICCMplcCkIwwR11mOSD9CR5u+IXYdiseeEuXCVAjS54zqwkLcPNnmU4OeJ6tUrWhDw==

source-map@^0.6.1:
  version "0.6.1"
  resolved "https://registry.yarnpkg.com/source-map/-/source-map-0.6.1.tgz#74722af32e9614e9c287a8d0bbde48b5e2f1a263"
  integrity sha512-UjgapumWlbMhkBgzT7Ykc5YXUT46F0iKu8SGXq0bcwP5dz/h0Plj6enJqjz1Zbq2l5WaqYnrVbwWOWMyF3F47g==

sourcemap-codec@^1.4.8:
  version "1.4.8"
  resolved "https://registry.yarnpkg.com/sourcemap-codec/-/sourcemap-codec-1.4.8.tgz#ea804bd94857402e6992d05a38ef1ae35a9ab4c4"
  integrity sha512-9NykojV5Uih4lgo5So5dtw+f0JgJX30KCNI8gwhz2J9A15wD0Ml6tjHKwf6fTSa6fAdVBdZeNOs9eJ71qCk8vA==

supports-preserve-symlinks-flag@^1.0.0:
  version "1.0.0"
  resolved "https://registry.yarnpkg.com/supports-preserve-symlinks-flag/-/supports-preserve-symlinks-flag-1.0.0.tgz#6eda4bd344a3c94aea376d4cc31bc77311039e09"
  integrity sha512-ot0WnXS9fgdkgIcePe6RHNk1WA8+muPa6cSjeR3V8K27q9BB1rTE3R1p7Hv0z1ZyAc8s6Vvv8DIyWf681MAt0w==

tarn@^3.0.2:
  version "3.0.2"
  resolved "https://registry.yarnpkg.com/tarn/-/tarn-3.0.2.tgz#73b6140fbb881b71559c4f8bfde3d9a4b3d27693"
  integrity sha512-51LAVKUSZSVfI05vjPESNc5vwqqZpbXCsU+/+wxlOrUjk2SnFTt97v9ZgQrD4YmxYW1Px6w2KjaDitCfkvgxMQ==

tildify@2.0.0:
  version "2.0.0"
  resolved "https://registry.yarnpkg.com/tildify/-/tildify-2.0.0.tgz#f205f3674d677ce698b7067a99e949ce03b4754a"
  integrity sha512-Cc+OraorugtXNfs50hU9KS369rFXCfgGLpfCfvlc+Ud5u6VWmUQsOAa9HbTvheQdYnrdJqqv1e5oIqXppMYnSw==

typescript@^4.6.3:
  version "4.6.4"
  resolved "https://registry.yarnpkg.com/typescript/-/typescript-4.6.4.tgz#caa78bbc3a59e6a5c510d35703f6a09877ce45e9"
  integrity sha512-9ia/jWHIEbo49HfjrLGfKbZSuWo9iTMwXO+Ca3pRsSpbsMbc7/IU8NKdCZVRRBafVPGnoJeFL76ZOAA84I9fEg==

vite@^2.9.7:
  version "2.9.9"
  resolved "https://registry.yarnpkg.com/vite/-/vite-2.9.9.tgz#8b558987db5e60fedec2f4b003b73164cb081c5e"
  integrity sha512-ffaam+NgHfbEmfw/Vuh6BHKKlI/XIAhxE5QSS7gFLIngxg171mg1P3a4LSRME0z2ZU1ScxoKzphkipcYwSD5Ew==
  dependencies:
    esbuild "^0.14.27"
    postcss "^8.4.13"
    resolve "^1.22.0"
    rollup "^2.59.0"
  optionalDependencies:
    fsevents "~2.3.2"

vitepress@^0.22.4:
  version "0.22.4"
  resolved "https://registry.yarnpkg.com/vitepress/-/vitepress-0.22.4.tgz#d4d778fb06decfc2c31c105f6a7a136843cdfb08"
  integrity sha512-oZUnLO/SpYdThaBKefDeOiVlr0Rie4Ppx3FzMnMyLtJnI5GlBMNjqYqMy/4+umm/iC+ZDJfI+IlDKxv5fZnYzA==
  dependencies:
    "@docsearch/css" "^3.0.0"
    "@docsearch/js" "^3.0.0"
    "@vitejs/plugin-vue" "^2.3.2"
    prismjs "^1.25.0"
    vite "^2.9.7"
    vue "^3.2.33"

vue@^3.2.33:
  version "3.2.33"
  resolved "https://registry.yarnpkg.com/vue/-/vue-3.2.33.tgz#7867eb16a3293a28c4d190a837bc447878bd64c2"
  integrity sha512-si1ExAlDUrLSIg/V7D/GgA4twJwfsfgG+t9w10z38HhL/HA07132pUQ2KuwAo8qbCyMJ9e6OqrmWrOCr+jW7ZQ==
  dependencies:
    "@vue/compiler-dom" "3.2.33"
    "@vue/compiler-sfc" "3.2.33"
    "@vue/runtime-dom" "3.2.33"
    "@vue/server-renderer" "3.2.33"
    "@vue/shared" "3.2.33"
